
Microsoft Visual Studio Solution File, Format Version 12.00
# Visual Studio Version 16
VisualStudioVersion = 16.0.31205.134
MinimumVisualStudioVersion = 10.0.40219.1
Project("{FAE04EC0-301F-11D3-BF4B-00C04F79EFBC}") = "RouteImport", "RouteImport\RouteImport.csproj", "{8FC939F1-26B9-49B7-8E93-35B561AC54C3}"
EndProject
Global
	GlobalSection(SolutionConfigurationPlatforms) = preSolution
		Debug|Any CPU = Debug|Any CPU
		Release|Any CPU = Release|Any CPU
	EndGlobalSection
	GlobalSection(ProjectConfigurationPlatforms) = postSolution
		{8FC939F1-26B9-49B7-8E93-35B561AC54C3}.Debug|Any CPU.ActiveCfg = Debug|Any CPU
		{8FC939F1-26B9-49B7-8E93-35B561AC54C3}.Debug|Any CPU.Build.0 = Debug|Any CPU
		{8FC939F1-26B9-49B7-8E93-35B561AC54C3}.Release|Any CPU.ActiveCfg = Release|Any CPU
		{8FC939F1-26B9-49B7-8E93-35B561AC54C3}.Release|Any CPU.Build.0 = Release|Any CPU
	EndGlobalSection
	GlobalSection(SolutionProperties) = preSolution
		HideSolutionNode = FALSE
	EndGlobalSection
	GlobalSection(ExtensibilityGlobals) = postSolution
		SolutionGuid = {08574E3B-8978-468B-A384-C4CE3298AAE3}
	EndGlobalSection
EndGlobal
